<?xml version="1.0" encoding="utf-8"?>
<Project ToolsVersion="4.0" xmlns="http://schemas.microsoft.com/developer/msbuild/2003">
  <ItemGroup>
    <Filter Include="源文件">
      <UniqueIdentifier>{4FC737F1-C7A5-4376-A066-2A32D752A2FF}</UniqueIdentifier>
      <Extensions>cpp;c;cc;cxx;def;odl;idl;hpj;bat;asm;asmx</Extensions>
    </Filter>
    <Filter Include="头文件">
      <UniqueIdentifier>{93995380-89BD-4b04-88EB-625FBE52EBFB}</UniqueIdentifier>
      <Extensions>h;hh;hpp;hxx;hm;inl;inc;xsd</Extensions>
    </Filter>
    <Filter Include="资源文件">
      <UniqueIdentifier>{67DA6AB6-F800-4c08-8B7A-83BB121AAD01}</UniqueIdentifier>
      <Extensions>rc;ico;cur;bmp;dlg;rc2;rct;bin;rgs;gif;jpg;jpeg;jpe;resx;tiff;tif;png;wav;mfcribbon-ms</Extensions>
    </Filter>
  </ItemGroup>
  <ItemGroup>
    <ClInclude Include="..\..\base\atomic.h">
      <Filter>头文件</Filter>
    </ClInclude>
    <ClInclude Include="..\..\base\Base64.h">
      <Filter>头文件</Filter>
    </ClInclude>
    <ClInclude Include="..\..\base\BaseSocket.h">
      <Filter>头文件</Filter>
    </ClInclude>
    <ClInclude Include="..\..\base\Condition.h">
      <Filter>头文件</Filter>
    </ClInclude>
    <ClInclude Include="..\..\base\ConfigFileReader.h">
      <Filter>头文件</Filter>
    </ClInclude>
    <ClInclude Include="..\..\base\EncDec.h">
      <Filter>头文件</Filter>
    </ClInclude>
    <ClInclude Include="..\..\base\EventDispatch.h">
      <Filter>头文件</Filter>
    </ClInclude>
    <ClInclude Include="..\..\base\http_parser.h">
      <Filter>头文件</Filter>
    </ClInclude>
    <ClInclude Include="..\..\base\HttpClient.h">
      <Filter>头文件</Filter>
    </ClInclude>
    <ClInclude Include="..\..\base\HttpParserWrapper.h">
      <Filter>头文件</Filter>
    </ClInclude>
    <ClInclude Include="..\..\base\imconn.h">
      <Filter>头文件</Filter>
    </ClInclude>
    <ClInclude Include="..\..\base\ImPduBase.h">
      <Filter>头文件</Filter>
    </ClInclude>
    <ClInclude Include="..\..\base\Lock.h">
      <Filter>头文件</Filter>
    </ClInclude>
    <ClInclude Include="..\..\base\log4z.h">
      <Filter>头文件</Filter>
    </ClInclude>
    <ClInclude Include="..\..\base\netlib.h">
      <Filter>头文件</Filter>
    </ClInclude>
    <ClInclude Include="..\..\base\ostype.h">
      <Filter>头文件</Filter>
    </ClInclude>
    <ClInclude Include="..\..\base\public_define.h">
      <Filter>头文件</Filter>
    </ClInclude>
    <ClInclude Include="..\..\base\ServInfo.h">
      <Filter>头文件</Filter>
    </ClInclude>
    <ClInclude Include="..\..\base\Task.h">
      <Filter>头文件</Filter>
    </ClInclude>
    <ClInclude Include="..\..\base\Thread.h">
      <Filter>头文件</Filter>
    </ClInclude>
    <ClInclude Include="..\..\base\ThreadPool.h">
      <Filter>头文件</Filter>
    </ClInclude>
    <ClInclude Include="..\..\base\TokenValidator.h">
      <Filter>头文件</Filter>
    </ClInclude>
    <ClInclude Include="..\..\base\util.h">
      <Filter>头文件</Filter>
    </ClInclude>
    <ClInclude Include="..\..\base\UtilPdu.h">
      <Filter>头文件</Filter>
    </ClInclude>
    <ClInclude Include="..\..\base\version.h">
      <Filter>头文件</Filter>
    </ClInclude>
    <ClInclude Include="..\..\base\jsoncpp\json_batchallocator.h">
      <Filter>头文件</Filter>
    </ClInclude>
    <ClInclude Include="..\..\base\jsoncpp\json_tool.h">
      <Filter>头文件</Filter>
    </ClInclude>
    <ClInclude Include="..\..\base\pb\protocol\IM.BaseDefine.pb.h">
      <Filter>头文件</Filter>
    </ClInclude>
    <ClInclude Include="..\..\base\pb\protocol\IM.Buddy.pb.h">
      <Filter>头文件</Filter>
    </ClInclude>
    <ClInclude Include="..\..\base\pb\protocol\IM.File.pb.h">
      <Filter>头文件</Filter>
    </ClInclude>
    <ClInclude Include="..\..\base\pb\protocol\IM.Group.pb.h">
      <Filter>头文件</Filter>
    </ClInclude>
    <ClInclude Include="..\..\base\pb\protocol\IM.Login.pb.h">
      <Filter>头文件</Filter>
    </ClInclude>
    <ClInclude Include="..\..\base\pb\protocol\IM.Message.pb.h">
      <Filter>头文件</Filter>
    </ClInclude>
    <ClInclude Include="..\..\base\pb\protocol\IM.Other.pb.h">
      <Filter>头文件</Filter>
    </ClInclude>
    <ClInclude Include="..\..\base\pb\protocol\IM.Server.pb.h">
      <Filter>头文件</Filter>
    </ClInclude>
    <ClInclude Include="..\..\base\pb\protocol\IM.SwitchService.pb.h">
      <Filter>头文件</Filter>
    </ClInclude>
    <ClInclude Include="..\..\base\security\security.h">
      <Filter>头文件</Filter>
    </ClInclude>
    <ClInclude Include="..\..\base\slog\slog_api.h">
      <Filter>头文件</Filter>
    </ClInclude>
    <ClInclude Include="..\..\base\md5.h">
      <Filter>头文件</Filter>
    </ClInclude>
  </ItemGroup>
  <ItemGroup>
    <ClCompile Include="..\..\base\jsoncpp\json_reader.cpp">
      <Filter>源文件</Filter>
    </ClCompile>
    <ClCompile Include="..\..\base\jsoncpp\json_value.cpp">
      <Filter>源文件</Filter>
    </ClCompile>
    <ClCompile Include="..\..\base\jsoncpp\json_writer.cpp">
      <Filter>源文件</Filter>
    </ClCompile>
    <ClCompile Include="..\..\base\Base64.cpp">
      <Filter>源文件</Filter>
    </ClCompile>
    <ClCompile Include="..\..\base\BaseSocket.cpp">
      <Filter>源文件</Filter>
    </ClCompile>
    <ClCompile Include="..\..\base\Condition.cpp">
      <Filter>源文件</Filter>
    </ClCompile>
    <ClCompile Include="..\..\base\ConfigFileReader.cpp">
      <Filter>源文件</Filter>
    </ClCompile>
    <ClCompile Include="..\..\base\EncDec.cpp">
      <Filter>源文件</Filter>
    </ClCompile>
    <ClCompile Include="..\..\base\EventDispatch.cpp">
      <Filter>源文件</Filter>
    </ClCompile>
    <ClCompile Include="..\..\base\http_parser.cpp">
      <Filter>源文件</Filter>
    </ClCompile>
    <ClCompile Include="..\..\base\HttpClient.cpp">
      <Filter>源文件</Filter>
    </ClCompile>
    <ClCompile Include="..\..\base\HttpParserWrapper.cpp">
      <Filter>源文件</Filter>
    </ClCompile>
    <ClCompile Include="..\..\base\imconn.cpp">
      <Filter>源文件</Filter>
    </ClCompile>
    <ClCompile Include="..\..\base\ImPduBase.cpp">
      <Filter>源文件</Filter>
    </ClCompile>
    <ClCompile Include="..\..\base\Lock.cpp">
      <Filter>源文件</Filter>
    </ClCompile>
    <ClCompile Include="..\..\base\log4z.cpp">
      <Filter>源文件</Filter>
    </ClCompile>
    <ClCompile Include="..\..\base\netlib.cpp">
      <Filter>源文件</Filter>
    </ClCompile>
    <ClCompile Include="..\..\base\ServInfo.cpp">
      <Filter>源文件</Filter>
    </ClCompile>
    <ClCompile Include="..\..\base\Thread.cpp">
      <Filter>源文件</Filter>
    </ClCompile>
    <ClCompile Include="..\..\base\ThreadPool.cpp">
      <Filter>源文件</Filter>
    </ClCompile>
    <ClCompile Include="..\..\base\TokenValidator.cpp">
      <Filter>源文件</Filter>
    </ClCompile>
    <ClCompile Include="..\..\base\util.cpp">
      <Filter>源文件</Filter>
    </ClCompile>
    <ClCompile Include="..\..\base\UtilPdu.cpp">
      <Filter>源文件</Filter>
    </ClCompile>
    <ClCompile Include="..\..\base\pb\protocol\IM.BaseDefine.pb.cc">
      <Filter>源文件</Filter>
    </ClCompile>
    <ClCompile Include="..\..\base\pb\protocol\IM.Buddy.pb.cc">
      <Filter>源文件</Filter>
    </ClCompile>
    <ClCompile Include="..\..\base\pb\protocol\IM.File.pb.cc">
      <Filter>源文件</Filter>
    </ClCompile>
    <ClCompile Include="..\..\base\pb\protocol\IM.Group.pb.cc">
      <Filter>源文件</Filter>
    </ClCompile>
    <ClCompile Include="..\..\base\pb\protocol\IM.Login.pb.cc">
      <Filter>源文件</Filter>
    </ClCompile>
    <ClCompile Include="..\..\base\pb\protocol\IM.Message.pb.cc">
      <Filter>源文件</Filter>
    </ClCompile>
    <ClCompile Include="..\..\base\pb\protocol\IM.Other.pb.cc">
      <Filter>源文件</Filter>
    </ClCompile>
    <ClCompile Include="..\..\base\pb\protocol\IM.Server.pb.cc">
      <Filter>源文件</Filter>
    </ClCompile>
    <ClCompile Include="..\..\base\pb\protocol\IM.SwitchService.pb.cc">
      <Filter>源文件</Filter>
    </ClCompile>
    <ClCompile Include="..\..\base\md5.cpp">
      <Filter>源文件</Filter>
    </ClCompile>
  </ItemGroup>
</Project>