<?xml version="1.0" encoding="utf-8"?>
<Project ToolsVersion="4.0" xmlns="http://schemas.microsoft.com/developer/msbuild/2003">
  <ItemGroup>
    <Filter Include="源文件">
      <UniqueIdentifier>{4FC737F1-C7A5-4376-A066-2A32D752A2FF}</UniqueIdentifier>
      <Extensions>cpp;c;cc;cxx;def;odl;idl;hpj;bat;asm;asmx</Extensions>
    </Filter>
    <Filter Include="头文件">
      <UniqueIdentifier>{93995380-89BD-4b04-88EB-625FBE52EBFB}</UniqueIdentifier>
      <Extensions>h;hh;hpp;hxx;hm;inl;inc;xsd</Extensions>
    </Filter>
    <Filter Include="资源文件">
      <UniqueIdentifier>{67DA6AB6-F800-4c08-8B7A-83BB121AAD01}</UniqueIdentifier>
      <Extensions>rc;ico;cur;bmp;dlg;rc2;rct;bin;rgs;gif;jpg;jpeg;jpe;resx;tiff;tif;png;wav;mfcribbon-ms</Extensions>
    </Filter>
  </ItemGroup>
  <ItemGroup>
    <ClInclude Include="..\..\db_proxy_server\business\AudioModel.h">
      <Filter>头文件</Filter>
    </ClInclude>
    <ClInclude Include="..\..\db_proxy_server\business\Common.h">
      <Filter>头文件</Filter>
    </ClInclude>
    <ClInclude Include="..\..\db_proxy_server\business\CompanyAction.h">
      <Filter>头文件</Filter>
    </ClInclude>
    <ClInclude Include="..\..\db_proxy_server\business\CompanyModel.h">
      <Filter>头文件</Filter>
    </ClInclude>
    <ClInclude Include="..\..\db_proxy_server\business\DepartAction.h">
      <Filter>头文件</Filter>
    </ClInclude>
    <ClInclude Include="..\..\db_proxy_server\business\DepartModel.h">
      <Filter>头文件</Filter>
    </ClInclude>
    <ClInclude Include="..\..\db_proxy_server\business\ExterLogin.h">
      <Filter>头文件</Filter>
    </ClInclude>
    <ClInclude Include="..\..\db_proxy_server\business\FileAction.h">
      <Filter>头文件</Filter>
    </ClInclude>
    <ClInclude Include="..\..\db_proxy_server\business\FileModel.h">
      <Filter>头文件</Filter>
    </ClInclude>
    <ClInclude Include="..\..\db_proxy_server\business\GroupAction.h">
      <Filter>头文件</Filter>
    </ClInclude>
    <ClInclude Include="..\..\db_proxy_server\business\GroupMessageModel.h">
      <Filter>头文件</Filter>
    </ClInclude>
    <ClInclude Include="..\..\db_proxy_server\business\GroupModel.h">
      <Filter>头文件</Filter>
    </ClInclude>
    <ClInclude Include="..\..\db_proxy_server\business\InterLogin.h">
      <Filter>头文件</Filter>
    </ClInclude>
    <ClInclude Include="..\..\db_proxy_server\business\Login.h">
      <Filter>头文件</Filter>
    </ClInclude>
    <ClInclude Include="..\..\db_proxy_server\business\LoginStrategy.h">
      <Filter>头文件</Filter>
    </ClInclude>
    <ClInclude Include="..\..\db_proxy_server\business\MessageContent.h">
      <Filter>头文件</Filter>
    </ClInclude>
    <ClInclude Include="..\..\db_proxy_server\business\MessageCounter.h">
      <Filter>头文件</Filter>
    </ClInclude>
    <ClInclude Include="..\..\db_proxy_server\business\MessageModel.h">
      <Filter>头文件</Filter>
    </ClInclude>
    <ClInclude Include="..\..\db_proxy_server\business\RecentSession.h">
      <Filter>头文件</Filter>
    </ClInclude>
    <ClInclude Include="..\..\db_proxy_server\business\RelationModel.h">
      <Filter>头文件</Filter>
    </ClInclude>
    <ClInclude Include="..\..\db_proxy_server\business\SessionModel.h">
      <Filter>头文件</Filter>
    </ClInclude>
    <ClInclude Include="..\..\db_proxy_server\business\UserAction.h">
      <Filter>头文件</Filter>
    </ClInclude>
    <ClInclude Include="..\..\db_proxy_server\business\UserModel.h">
      <Filter>头文件</Filter>
    </ClInclude>
    <ClInclude Include="..\..\db_proxy_server\AutoPool.h">
      <Filter>头文件</Filter>
    </ClInclude>
    <ClInclude Include="..\..\db_proxy_server\CachePool.h">
      <Filter>头文件</Filter>
    </ClInclude>
    <ClInclude Include="..\..\db_proxy_server\DBPool.h">
      <Filter>头文件</Filter>
    </ClInclude>
    <ClInclude Include="..\..\db_proxy_server\HandlerMap.h">
      <Filter>头文件</Filter>
    </ClInclude>
    <ClInclude Include="..\..\db_proxy_server\ProxyConn.h">
      <Filter>头文件</Filter>
    </ClInclude>
    <ClInclude Include="..\..\db_proxy_server\ProxyTask.h">
      <Filter>头文件</Filter>
    </ClInclude>
    <ClInclude Include="..\..\db_proxy_server\SyncCenter.h">
      <Filter>头文件</Filter>
    </ClInclude>
    <ClInclude Include="..\..\db_proxy_server\business\PositionAction.h">
      <Filter>头文件</Filter>
    </ClInclude>
    <ClInclude Include="..\..\db_proxy_server\business\PositionModel.h">
      <Filter>头文件</Filter>
    </ClInclude>
  </ItemGroup>
  <ItemGroup>
    <ClCompile Include="..\..\db_proxy_server\AutoPool.cpp">
      <Filter>源文件</Filter>
    </ClCompile>
    <ClCompile Include="..\..\db_proxy_server\CachePool.cpp">
      <Filter>源文件</Filter>
    </ClCompile>
    <ClCompile Include="..\..\db_proxy_server\db_proxy_server.cpp">
      <Filter>源文件</Filter>
    </ClCompile>
    <ClCompile Include="..\..\db_proxy_server\DBPool.cpp">
      <Filter>源文件</Filter>
    </ClCompile>
    <ClCompile Include="..\..\db_proxy_server\HandlerMap.cpp">
      <Filter>源文件</Filter>
    </ClCompile>
    <ClCompile Include="..\..\db_proxy_server\ProxyConn.cpp">
      <Filter>源文件</Filter>
    </ClCompile>
    <ClCompile Include="..\..\db_proxy_server\ProxyTask.cpp">
      <Filter>源文件</Filter>
    </ClCompile>
    <ClCompile Include="..\..\db_proxy_server\SyncCenter.cpp">
      <Filter>源文件</Filter>
    </ClCompile>
    <ClCompile Include="..\..\db_proxy_server\business\AudioModel.cpp">
      <Filter>源文件</Filter>
    </ClCompile>
    <ClCompile Include="..\..\db_proxy_server\business\CompanyAction.cpp">
      <Filter>源文件</Filter>
    </ClCompile>
    <ClCompile Include="..\..\db_proxy_server\business\CompanyModel.cpp">
      <Filter>源文件</Filter>
    </ClCompile>
    <ClCompile Include="..\..\db_proxy_server\business\DepartAction.cpp">
      <Filter>源文件</Filter>
    </ClCompile>
    <ClCompile Include="..\..\db_proxy_server\business\DepartModel.cpp">
      <Filter>源文件</Filter>
    </ClCompile>
    <ClCompile Include="..\..\db_proxy_server\business\ExterLogin.cpp">
      <Filter>源文件</Filter>
    </ClCompile>
    <ClCompile Include="..\..\db_proxy_server\business\FileAction.cpp">
      <Filter>源文件</Filter>
    </ClCompile>
    <ClCompile Include="..\..\db_proxy_server\business\FileModel.cpp">
      <Filter>源文件</Filter>
    </ClCompile>
    <ClCompile Include="..\..\db_proxy_server\business\GroupAction.cpp">
      <Filter>源文件</Filter>
    </ClCompile>
    <ClCompile Include="..\..\db_proxy_server\business\GroupMessageModel.cpp">
      <Filter>源文件</Filter>
    </ClCompile>
    <ClCompile Include="..\..\db_proxy_server\business\GroupModel.cpp">
      <Filter>源文件</Filter>
    </ClCompile>
    <ClCompile Include="..\..\db_proxy_server\business\InterLogin.cpp">
      <Filter>源文件</Filter>
    </ClCompile>
    <ClCompile Include="..\..\db_proxy_server\business\Login.cpp">
      <Filter>源文件</Filter>
    </ClCompile>
    <ClCompile Include="..\..\db_proxy_server\business\MessageContent.cpp">
      <Filter>源文件</Filter>
    </ClCompile>
    <ClCompile Include="..\..\db_proxy_server\business\MessageCounter.cpp">
      <Filter>源文件</Filter>
    </ClCompile>
    <ClCompile Include="..\..\db_proxy_server\business\MessageModel.cpp">
      <Filter>源文件</Filter>
    </ClCompile>
    <ClCompile Include="..\..\db_proxy_server\business\RecentSession.cpp">
      <Filter>源文件</Filter>
    </ClCompile>
    <ClCompile Include="..\..\db_proxy_server\business\RelationModel.cpp">
      <Filter>源文件</Filter>
    </ClCompile>
    <ClCompile Include="..\..\db_proxy_server\business\SessionModel.cpp">
      <Filter>源文件</Filter>
    </ClCompile>
    <ClCompile Include="..\..\db_proxy_server\business\UserAction.cpp">
      <Filter>源文件</Filter>
    </ClCompile>
    <ClCompile Include="..\..\db_proxy_server\business\UserModel.cpp">
      <Filter>源文件</Filter>
    </ClCompile>
    <ClCompile Include="..\..\msg_server\jsonxx.cpp">
      <Filter>源文件</Filter>
    </ClCompile>
    <ClCompile Include="..\..\db_proxy_server\business\PositionAction.cpp">
      <Filter>源文件</Filter>
    </ClCompile>
    <ClCompile Include="..\..\db_proxy_server\business\PositionModel.cpp">
      <Filter>源文件</Filter>
    </ClCompile>
  </ItemGroup>
</Project>